
Microsoft Visual Studio Solution File, Format Version 12.00
# Visual Studio Version 16
VisualStudioVersion = 16.0.31025.194
MinimumVisualStudioVersion = 10.0.40219.1
Project("{FAE04EC0-301F-11D3-BF4B-00C04F79EFBC}") = "DietaMX", "DietaMX\DietaMX.csproj", "{10F9644B-E09D-435D-820F-90D5CE2FD56D}"
EndProject
Global
	GlobalSection(SolutionConfigurationPlatforms) = preSolution
		Debug|Any CPU = Debug|Any CPU
		Release|Any CPU = Release|Any CPU
	EndGlobalSection
	GlobalSection(ProjectConfigurationPlatforms) = postSolution
		{10F9644B-E09D-435D-820F-90D5CE2FD56D}.Debug|Any CPU.ActiveCfg = Debug|Any CPU
		{10F9644B-E09D-435D-820F-90D5CE2FD56D}.Debug|Any CPU.Build.0 = Debug|Any CPU
		{10F9644B-E09D-435D-820F-90D5CE2FD56D}.Release|Any CPU.ActiveCfg = Release|Any CPU
		{10F9644B-E09D-435D-820F-90D5CE2FD56D}.Release|Any CPU.Build.0 = Release|Any CPU
	EndGlobalSection
	GlobalSection(SolutionProperties) = preSolution
		HideSolutionNode = FALSE
	EndGlobalSection
	GlobalSection(ExtensibilityGlobals) = postSolution
		SolutionGuid = {C4342F3A-C0AF-4FF2-85D9-67A5EF3B3984}
	EndGlobalSection
EndGlobal
